// !$*UTF8*$!
{
	archiveVersion = 1;
	classes = {
	};
	objectVersion = 46;
	objects = {

/* Begin PBXBuildFile section */
		1C6146502168CEA9E71AE220 /* Pods_InstagramUITests.framework in Frameworks */ = {isa = PBXBuildFile; fileRef = FD4F6D268B81319DB9F0D745 /* Pods_InstagramUITests.framework */; };
		721F8A3EB82AE40103242B83 /* Pods_InstagramTests.framework in Frameworks */ = {isa = PBXBuildFile; fileRef = 8DFB4BFDF05A7C14D75EBC7D /* Pods_InstagramTests.framework */; };
		75A2843D1E5416D4000C0A69 /* AppDelegate.swift in Sources */ = {isa = PBXBuildFile; fileRef = 75A2843C1E5416D4000C0A69 /* AppDelegate.swift */; };
		75A284421E5416D4000C0A69 /* Main.storyboard in Resources */ = {isa = PBXBuildFile; fileRef = 75A284401E5416D4000C0A69 /* Main.storyboard */; };
		75A284441E5416D4000C0A69 /* Assets.xcassets in Resources */ = {isa = PBXBuildFile; fileRef = 75A284431E5416D4000C0A69 /* Assets.xcassets */; };
		75A284471E5416D4000C0A69 /* LaunchScreen.storyboard in Resources */ = {isa = PBXBuildFile; fileRef = 75A284451E5416D4000C0A69 /* LaunchScreen.storyboard */; };
		75A284521E5416D4000C0A69 /* InstagramTests.swift in Sources */ = {isa = PBXBuildFile; fileRef = 75A284511E5416D4000C0A69 /* InstagramTests.swift */; };
		75A2845D1E5416D4000C0A69 /* InstagramUITests.swift in Sources */ = {isa = PBXBuildFile; fileRef = 75A2845C1E5416D4000C0A69 /* InstagramUITests.swift */; };
		75A2846B1E541B10000C0A69 /* LoginViewController.swift in Sources */ = {isa = PBXBuildFile; fileRef = 75A2846A1E541B10000C0A69 /* LoginViewController.swift */; };
		75A2846E1E542469000C0A69 /* HomeViewController.swift in Sources */ = {isa = PBXBuildFile; fileRef = 75A2846D1E542469000C0A69 /* HomeViewController.swift */; };
		9428D6AADDE7482109F0148D /* Pods_Instagram.framework in Frameworks */ = {isa = PBXBuildFile; fileRef = DA2073F7A64FC7CB6EBD23B8 /* Pods_Instagram.framework */; };
/* End PBXBuildFile section */

/* Begin PBXContainerItemProxy section */
		75A2844E1E5416D4000C0A69 /* PBXContainerItemProxy */ = {
			isa = PBXContainerItemProxy;
			containerPortal = 75A284311E5416CF000C0A69 /* Project object */;
			proxyType = 1;
			remoteGlobalIDString = 75A284381E5416CF000C0A69;
			remoteInfo = Instagram;
		};
		75A284591E5416D4000C0A69 /* PBXContainerItemProxy */ = {
			isa = PBXContainerItemProxy;
			containerPortal = 75A284311E5416CF000C0A69 /* Project object */;
			proxyType = 1;
			remoteGlobalIDString = 75A284381E5416CF000C0A69;
			remoteInfo = Instagram;
		};
/* End PBXContainerItemProxy section */

/* Begin PBXFileReference section */
		5CD3D5885AFF7C34E6B66D85 /* Pods-InstagramUITests.debug.xcconfig */ = {isa = PBXFileReference; includeInIndex = 1; lastKnownFileType = text.xcconfig; name = "Pods-InstagramUITests.debug.xcconfig"; path = "Pods/Target Support Files/Pods-InstagramUITests/Pods-InstagramUITests.debug.xcconfig"; sourceTree = "<group>"; };
		61AFCA7602736387BC7F49C3 /* Pods-Instagram.release.xcconfig */ = {isa = PBXFileReference; includeInIndex = 1; lastKnownFileType = text.xcconfig; name = "Pods-Instagram.release.xcconfig"; path = "Pods/Target Support Files/Pods-Instagram/Pods-Instagram.release.xcconfig"; sourceTree = "<group>"; };
		69B329F83531F9D90AABD02E /* Pods-InstagramTests.debug.xcconfig */ = {isa = PBXFileReference; includeInIndex = 1; lastKnownFileType = text.xcconfig; name = "Pods-InstagramTests.debug.xcconfig"; path = "Pods/Target Support Files/Pods-InstagramTests/Pods-InstagramTests.debug.xcconfig"; sourceTree = "<group>"; };
		75A284391E5416D3000C0A69 /* Instagram.app */ = {isa = PBXFileReference; explicitFileType = wrapper.application; includeInIndex = 0; path = Instagram.app; sourceTree = BUILT_PRODUCTS_DIR; };
		75A2843C1E5416D4000C0A69 /* AppDelegate.swift */ = {isa = PBXFileReference; lastKnownFileType = sourcecode.swift; path = AppDelegate.swift; sourceTree = "<group>"; };
		75A284411E5416D4000C0A69 /* Base */ = {isa = PBXFileReference; lastKnownFileType = file.storyboard; name = Base; path = Base.lproj/Main.storyboard; sourceTree = "<group>"; };
		75A284431E5416D4000C0A69 /* Assets.xcassets */ = {isa = PBXFileReference; lastKnownFileType = folder.assetcatalog; path = Assets.xcassets; sourceTree = "<group>"; };
		75A284461E5416D4000C0A69 /* Base */ = {isa = PBXFileReference; lastKnownFileType = file.storyboard; name = Base; path = Base.lproj/LaunchScreen.storyboard; sourceTree = "<group>"; };
		75A284481E5416D4000C0A69 /* Info.plist */ = {isa = PBXFileReference; lastKnownFileType = text.plist.xml; path = Info.plist; sourceTree = "<group>"; };
		75A2844D1E5416D4000C0A69 /* InstagramTests.xctest */ = {isa = PBXFileReference; explicitFileType = wrapper.cfbundle; includeInIndex = 0; path = InstagramTests.xctest; sourceTree = BUILT_PRODUCTS_DIR; };
		75A284511E5416D4000C0A69 /* InstagramTests.swift */ = {isa = PBXFileReference; lastKnownFileType = sourcecode.swift; path = InstagramTests.swift; sourceTree = "<group>"; };
		75A284531E5416D4000C0A69 /* Info.plist */ = {isa = PBXFileReference; lastKnownFileType = text.plist.xml; path = Info.plist; sourceTree = "<group>"; };
		75A284581E5416D4000C0A69 /* InstagramUITests.xctest */ = {isa = PBXFileReference; explicitFileType = wrapper.cfbundle; includeInIndex = 0; path = InstagramUITests.xctest; sourceTree = BUILT_PRODUCTS_DIR; };
		75A2845C1E5416D4000C0A69 /* InstagramUITests.swift */ = {isa = PBXFileReference; lastKnownFileType = sourcecode.swift; path = InstagramUITests.swift; sourceTree = "<group>"; };
		75A2845E1E5416D5000C0A69 /* Info.plist */ = {isa = PBXFileReference; lastKnownFileType = text.plist.xml; path = Info.plist; sourceTree = "<group>"; };
		75A2846A1E541B10000C0A69 /* LoginViewController.swift */ = {isa = PBXFileReference; fileEncoding = 4; lastKnownFileType = sourcecode.swift; path = LoginViewController.swift; sourceTree = "<group>"; };
		75A2846D1E542469000C0A69 /* HomeViewController.swift */ = {isa = PBXFileReference; fileEncoding = 4; lastKnownFileType = sourcecode.swift; path = HomeViewController.swift; sourceTree = "<group>"; };
		8DFB4BFDF05A7C14D75EBC7D /* Pods_InstagramTests.framework */ = {isa = PBXFileReference; explicitFileType = wrapper.framework; includeInIndex = 0; path = Pods_InstagramTests.framework; sourceTree = BUILT_PRODUCTS_DIR; };
		A654C4DE03909BB9D1A5DB18 /* Pods-InstagramTests.release.xcconfig */ = {isa = PBXFileReference; includeInIndex = 1; lastKnownFileType = text.xcconfig; name = "Pods-InstagramTests.release.xcconfig"; path = "Pods/Target Support Files/Pods-InstagramTests/Pods-InstagramTests.release.xcconfig"; sourceTree = "<group>"; };
		BC4C7329308CB0AE6CA106BD /* Pods-Instagram.debug.xcconfig */ = {isa = PBXFileReference; includeInIndex = 1; lastKnownFileType = text.xcconfig; name = "Pods-Instagram.debug.xcconfig"; path = "Pods/Target Support Files/Pods-Instagram/Pods-Instagram.debug.xcconfig"; sourceTree = "<group>"; };
		C228F00D575514CE6EA1D205 /* Pods-InstagramUITests.release.xcconfig */ = {isa = PBXFileReference; includeInIndex = 1; lastKnownFileType = text.xcconfig; name = "Pods-InstagramUITests.release.xcconfig"; path = "Pods/Target Support Files/Pods-InstagramUITests/Pods-InstagramUITests.release.xcconfig"; sourceTree = "<group>"; };
		DA2073F7A64FC7CB6EBD23B8 /* Pods_Instagram.framework */ = {isa = PBXFileReference; explicitFileType = wrapper.framework; includeInIndex = 0; path = Pods_Instagram.framework; sourceTree = BUILT_PRODUCTS_DIR; };
		FD4F6D268B81319DB9F0D745 /* Pods_InstagramUITests.framework */ = {isa = PBXFileReference; explicitFileType = wrapper.framework; includeInIndex = 0; path = Pods_InstagramUITests.framework; sourceTree = BUILT_PRODUCTS_DIR; };
/* End PBXFileReference section */

/* Begin PBXFrameworksBuildPhase section */
		75A284361E5416CF000C0A69 /* Frameworks */ = {
			isa = PBXFrameworksBuildPhase;
			buildActionMask = 2147483647;
			files = (
				9428D6AADDE7482109F0148D /* Pods_Instagram.framework in Frameworks */,
			);
			runOnlyForDeploymentPostprocessing = 0;
		};
		75A2844A1E5416D4000C0A69 /* Frameworks */ = {
			isa = PBXFrameworksBuildPhase;
			buildActionMask = 2147483647;
			files = (
				721F8A3EB82AE40103242B83 /* Pods_InstagramTests.framework in Frameworks */,
			);
			runOnlyForDeploymentPostprocessing = 0;
		};
		75A284551E5416D4000C0A69 /* Frameworks */ = {
			isa = PBXFrameworksBuildPhase;
			buildActionMask = 2147483647;
			files = (
				1C6146502168CEA9E71AE220 /* Pods_InstagramUITests.framework in Frameworks */,
			);
			runOnlyForDeploymentPostprocessing = 0;
		};
/* End PBXFrameworksBuildPhase section */

/* Begin PBXGroup section */
		5BEADABF7997128F4E850966 /* Pods */ = {
			isa = PBXGroup;
			children = (
				BC4C7329308CB0AE6CA106BD /* Pods-Instagram.debug.xcconfig */,
				61AFCA7602736387BC7F49C3 /* Pods-Instagram.release.xcconfig */,
				69B329F83531F9D90AABD02E /* Pods-InstagramTests.debug.xcconfig */,
				A654C4DE03909BB9D1A5DB18 /* Pods-InstagramTests.release.xcconfig */,
				5CD3D5885AFF7C34E6B66D85 /* Pods-InstagramUITests.debug.xcconfig */,
				C228F00D575514CE6EA1D205 /* Pods-InstagramUITests.release.xcconfig */,
			);
			name = Pods;
			sourceTree = "<group>";
		};
		75A284301E5416CF000C0A69 = {
			isa = PBXGroup;
			children = (
				75A2843B1E5416D3000C0A69 /* Instagram */,
				75A284501E5416D4000C0A69 /* InstagramTests */,
				75A2845B1E5416D4000C0A69 /* InstagramUITests */,
				75A2843A1E5416D3000C0A69 /* Products */,
				5BEADABF7997128F4E850966 /* Pods */,
				BFA094E54DB06B9E6DCDEEE9 /* Frameworks */,
			);
			sourceTree = "<group>";
		};
		75A2843A1E5416D3000C0A69 /* Products */ = {
			isa = PBXGroup;
			children = (
				75A284391E5416D3000C0A69 /* Instagram.app */,
				75A2844D1E5416D4000C0A69 /* InstagramTests.xctest */,
				75A284581E5416D4000C0A69 /* InstagramUITests.xctest */,
			);
			name = Products;
			sourceTree = "<group>";
		};
		75A2843B1E5416D3000C0A69 /* Instagram */ = {
			isa = PBXGroup;
			children = (
				75A2846C1E542428000C0A69 /* ViewControllers */,
				75A2843C1E5416D4000C0A69 /* AppDelegate.swift */,
				75A284401E5416D4000C0A69 /* Main.storyboard */,
				75A284431E5416D4000C0A69 /* Assets.xcassets */,
				75A284451E5416D4000C0A69 /* LaunchScreen.storyboard */,
				75A284481E5416D4000C0A69 /* Info.plist */,
			);
			path = Instagram;
			sourceTree = "<group>";
		};
		75A284501E5416D4000C0A69 /* InstagramTests */ = {
			isa = PBXGroup;
			children = (
				75A284511E5416D4000C0A69 /* InstagramTests.swift */,
				75A284531E5416D4000C0A69 /* Info.plist */,
			);
			path = InstagramTests;
			sourceTree = "<group>";
		};
		75A2845B1E5416D4000C0A69 /* InstagramUITests */ = {
			isa = PBXGroup;
			children = (
				75A2845C1E5416D4000C0A69 /* InstagramUITests.swift */,
				75A2845E1E5416D5000C0A69 /* Info.plist */,
			);
			path = InstagramUITests;
			sourceTree = "<group>";
		};
		75A2846C1E542428000C0A69 /* ViewControllers */ = {
			isa = PBXGroup;
			children = (
				75A2846A1E541B10000C0A69 /* LoginViewController.swift */,
				75A2846D1E542469000C0A69 /* HomeViewController.swift */,
			);
			name = ViewControllers;
			sourceTree = "<group>";
		};
		BFA094E54DB06B9E6DCDEEE9 /* Frameworks */ = {
			isa = PBXGroup;
			children = (
				DA2073F7A64FC7CB6EBD23B8 /* Pods_Instagram.framework */,
				8DFB4BFDF05A7C14D75EBC7D /* Pods_InstagramTests.framework */,
				FD4F6D268B81319DB9F0D745 /* Pods_InstagramUITests.framework */,
			);
			name = Frameworks;
			sourceTree = "<group>";
		};
/* End PBXGroup section */

/* Begin PBXNativeTarget section */
		75A284381E5416CF000C0A69 /* Instagram */ = {
			isa = PBXNativeTarget;
			buildConfigurationList = 75A284611E5416D5000C0A69 /* Build configuration list for PBXNativeTarget "Instagram" */;
			buildPhases = (
				7B547D163EA684EC03622722 /* [CP] Check Pods Manifest.lock */,
				75A284351E5416CF000C0A69 /* Sources */,
				75A284361E5416CF000C0A69 /* Frameworks */,
				75A284371E5416CF000C0A69 /* Resources */,
				80F1E8BFDC88B8427CDC42D9 /* [CP] Embed Pods Frameworks */,
				B6AD3D6E9FD381256F26B331 /* [CP] Copy Pods Resources */,
			);
			buildRules = (
			);
			dependencies = (
			);
			name = Instagram;
			productName = Instagram;
			productReference = 75A284391E5416D3000C0A69 /* Instagram.app */;
			productType = "com.apple.product-type.application";
		};
		75A2844C1E5416D4000C0A69 /* InstagramTests */ = {
			isa = PBXNativeTarget;
			buildConfigurationList = 75A284641E5416D5000C0A69 /* Build configuration list for PBXNativeTarget "InstagramTests" */;
			buildPhases = (
				F99723D2BB42DC1B517A1E1D /* [CP] Check Pods Manifest.lock */,
				75A284491E5416D4000C0A69 /* Sources */,
				75A2844A1E5416D4000C0A69 /* Frameworks */,
				75A2844B1E5416D4000C0A69 /* Resources */,
				5EA0E61CEE1A9F0B27EF050D /* [CP] Embed Pods Frameworks */,
				0F08CA9F7DEFCE21C2DD3581 /* [CP] Copy Pods Resources */,
			);
			buildRules = (
			);
			dependencies = (
				75A2844F1E5416D4000C0A69 /* PBXTargetDependency */,
			);
			name = InstagramTests;
			productName = InstagramTests;
			productReference = 75A2844D1E5416D4000C0A69 /* InstagramTests.xctest */;
			productType = "com.apple.product-type.bundle.unit-test";
		};
		75A284571E5416D4000C0A69 /* InstagramUITests */ = {
			isa = PBXNativeTarget;
			buildConfigurationList = 75A284671E5416D5000C0A69 /* Build configuration list for PBXNativeTarget "InstagramUITests" */;
			buildPhases = (
				F86045EF2DD47EDC0825FD79 /* [CP] Check Pods Manifest.lock */,
				75A284541E5416D4000C0A69 /* Sources */,
				75A284551E5416D4000C0A69 /* Frameworks */,
				75A284561E5416D4000C0A69 /* Resources */,
				6C3DBC73844F67281E623108 /* [CP] Embed Pods Frameworks */,
				40EB1A4109A245875B1EB81F /* [CP] Copy Pods Resources */,
			);
			buildRules = (
			);
			dependencies = (
				75A2845A1E5416D4000C0A69 /* PBXTargetDependency */,
			);
			name = InstagramUITests;
			productName = InstagramUITests;
			productReference = 75A284581E5416D4000C0A69 /* InstagramUITests.xctest */;
			productType = "com.apple.product-type.bundle.ui-testing";
		};
/* End PBXNativeTarget section */

/* Begin PBXProject section */
		75A284311E5416CF000C0A69 /* Project object */ = {
			isa = PBXProject;
			attributes = {
				LastSwiftUpdateCheck = 0820;
				LastUpgradeCheck = 0820;
				ORGANIZATIONNAME = "Richard Du";
				TargetAttributes = {
					75A284381E5416CF000C0A69 = {
						CreatedOnToolsVersion = 8.2.1;
						ProvisioningStyle = Automatic;
					};
					75A2844C1E5416D4000C0A69 = {
						CreatedOnToolsVersion = 8.2.1;
						ProvisioningStyle = Automatic;
						TestTargetID = 75A284381E5416CF000C0A69;
					};
					75A284571E5416D4000C0A69 = {
						CreatedOnToolsVersion = 8.2.1;
						ProvisioningStyle = Automatic;
						TestTargetID = 75A284381E5416CF000C0A69;
					};
				};
			};
			buildConfigurationList = 75A284341E5416CF000C0A69 /* Build configuration list for PBXProject "Instagram" */;
			compatibilityVersion = "Xcode 3.2";
			developmentRegion = English;
			hasScannedForEncodings = 0;
			knownRegions = (
				en,
				Base,
			);
			mainGroup = 75A284301E5416CF000C0A69;
			productRefGroup = 75A2843A1E5416D3000C0A69 /* Products */;
			projectDirPath = "";
			projectRoot = "";
			targets = (
				75A284381E5416CF000C0A69 /* Instagram */,
				75A2844C1E5416D4000C0A69 /* InstagramTests */,
				75A284571E5416D4000C0A69 /* InstagramUITests */,
			);
		};
/* End PBXProject section */

/* Begin PBXResourcesBuildPhase section */
		75A284371E5416CF000C0A69 /* Resources */ = {
			isa = PBXResourcesBuildPhase;
			buildActionMask = 2147483647;
			files = (
				75A284471E5416D4000C0A69 /* LaunchScreen.storyboard in Resources */,
				75A284441E5416D4000C0A69 /* Assets.xcassets in Resources */,
				75A284421E5416D4000C0A69 /* Main.storyboard in Resources */,
			);
			runOnlyForDeploymentPostprocessing = 0;
		};
		75A2844B1E5416D4000C0A69 /* Resources */ = {
			isa = PBXResourcesBuildPhase;
			buildActionMask = 2147483647;
			files = (
			);
			runOnlyForDeploymentPostprocessing = 0;
		};
		75A284561E5416D4000C0A69 /* Resources */ = {
			isa = PBXResourcesBuildPhase;
			buildActionMask = 2147483647;
			files = (
			);
			runOnlyForDeploymentPostprocessing = 0;
		};
/* End PBXResourcesBuildPhase section */

/* Begin PBXShellScriptBuildPhase section */
		0F08CA9F7DEFCE21C2DD3581 /* [CP] Copy Pods Resources */ = {
			isa = PBXShellScriptBuildPhase;
			buildActionMask = 2147483647;
			files = (
			);
			inputPaths = (
			);
			name = "[CP] Copy Pods Resources";
			outputPaths = (
			);
			runOnlyForDeploymentPostprocessing = 0;
			shellPath = /bin/sh;
			shellScript = "\"${SRCROOT}/Pods/Target Support Files/Pods-InstagramTests/Pods-InstagramTests-resources.sh\"\n";
			showEnvVarsInLog = 0;
		};
		40EB1A4109A245875B1EB81F /* [CP] Copy Pods Resources */ = {
			isa = PBXShellScriptBuildPhase;
			buildActionMask = 2147483647;
			files = (
			);
			inputPaths = (
			);
			name = "[CP] Copy Pods Resources";
			outputPaths = (
			);
			runOnlyForDeploymentPostprocessing = 0;
			shellPath = /bin/sh;
			shellScript = "\"${SRCROOT}/Pods/Target Support Files/Pods-InstagramUITests/Pods-InstagramUITests-resources.sh\"\n";
			showEnvVarsInLog = 0;
		};
		5EA0E61CEE1A9F0B27EF050D /* [CP] Embed Pods Frameworks */ = {
			isa = PBXShellScriptBuildPhase;
			buildActionMask = 2147483647;
			files = (
			);
			inputPaths = (
			);
			name = "[CP] Embed Pods Frameworks";
			outputPaths = (
			);
			runOnlyForDeploymentPostprocessing = 0;
			shellPath = /bin/sh;
			shellScript = "\"${SRCROOT}/Pods/Target Support Files/Pods-InstagramTests/Pods-InstagramTests-frameworks.sh\"\n";
			showEnvVarsInLog = 0;
		};
		6C3DBC73844F67281E623108 /* [CP] Embed Pods Frameworks */ = {
			isa = PBXShellScriptBuildPhase;
			buildActionMask = 2147483647;
			files = (
			);
			inputPaths = (
			);
			name = "[CP] Embed Pods Frameworks";
			outputPaths = (
			);
			runOnlyForDeploymentPostprocessing = 0;
			shellPath = /bin/sh;
			shellScript = "\"${SRCROOT}/Pods/Target Support Files/Pods-InstagramUITests/Pods-InstagramUITests-frameworks.sh\"\n";
			showEnvVarsInLog = 0;
		};
		7B547D163EA684EC03622722 /* [CP] Check Pods Manifest.lock */ = {
			isa = PBXShellScriptBuildPhase;
			buildActionMask = 2147483647;
			files = (
			);
			inputPaths = (
			);
			name = "[CP] Check Pods Manifest.lock";
			outputPaths = (
			);
			runOnlyForDeploymentPostprocessing = 0;
			shellPath = /bin/sh;
			shellScript = "diff \"${PODS_ROOT}/../Podfile.lock\" \"${PODS_ROOT}/Manifest.lock\" > /dev/null\nif [ $? != 0 ] ; then\n    # print error to STDERR\n    echo \"error: The sandbox is not in sync with the Podfile.lock. Run 'pod install' or update your CocoaPods installation.\" >&2\n    exit 1\nfi\n";
			showEnvVarsInLog = 0;
		};
		80F1E8BFDC88B8427CDC42D9 /* [CP] Embed Pods Frameworks */ = {
			isa = PBXShellScriptBuildPhase;
			buildActionMask = 2147483647;
			files = (
			);
			inputPaths = (
			);
			name = "[CP] Embed Pods Frameworks";
			outputPaths = (
			);
			runOnlyForDeploymentPostprocessing = 0;
			shellPath = /bin/sh;
			shellScript = "\"${SRCROOT}/Pods/Target Support Files/Pods-Instagram/Pods-Instagram-frameworks.sh\"\n";
			showEnvVarsInLog = 0;
		};
		B6AD3D6E9FD381256F26B331 /* [CP] Copy Pods Resources */ = {
			isa = PBXShellScriptBuildPhase;
			buildActionMask = 2147483647;
			files = (
			);
			inputPaths = (
			);
			name = "[CP] Copy Pods Resources";
			outputPaths = (
			);
			runOnlyForDeploymentPostprocessing = 0;
			shellPath = /bin/sh;
			shellScript = "\"${SRCROOT}/Pods/Target Support Files/Pods-Instagram/Pods-Instagram-resources.sh\"\n";
			showEnvVarsInLog = 0;
		};
		F86045EF2DD47EDC0825FD79 /* [CP] Check Pods Manifest.lock */ = {
			isa = PBXShellScriptBuildPhase;
			buildActionMask = 2147483647;
			files = (
			);
			inputPaths = (
			);
			name = "[CP] Check Pods Manifest.lock";
			outputPaths = (
			);
			runOnlyForDeploymentPostprocessing = 0;
			shellPath = /bin/sh;
			shellScript = "diff \"${PODS_ROOT}/../Podfile.lock\" \"${PODS_ROOT}/Manifest.lock\" > /dev/null\nif [ $? != 0 ] ; then\n    # print error to STDERR\n    echo \"error: The sandbox is not in sync with the Podfile.lock. Run 'pod install' or update your CocoaPods installation.\" >&2\n    exit 1\nfi\n";
			showEnvVarsInLog = 0;
		};
		F99723D2BB42DC1B517A1E1D /* [CP] Check Pods Manifest.lock */ = {
			isa = PBXShellScriptBuildPhase;
			buildActionMask = 2147483647;
			files = (
			);
			inputPaths = (
			);
			name = "[CP] Check Pods Manifest.lock";
			outputPaths = (
			);
			runOnlyForDeploymentPostprocessing = 0;
			shellPath = /bin/sh;
			shellScript = "diff \"${PODS_ROOT}/../Podfile.lock\" \"${PODS_ROOT}/Manifest.lock\" > /dev/null\nif [ $? != 0 ] ; then\n    # print error to STDERR\n    echo \"error: The sandbox is not in sync with the Podfile.lock. Run 'pod install' or update your CocoaPods installation.\" >&2\n    exit 1\nfi\n";
			showEnvVarsInLog = 0;
		};
/* End PBXShellScriptBuildPhase section */

/* Begin PBXSourcesBuildPhase section */
		75A284351E5416CF000C0A69 /* Sources */ = {
			isa = PBXSourcesBuildPhase;
			buildActionMask = 2147483647;
			files = (
				75A2846B1E541B10000C0A69 /* LoginViewController.swift in Sources */,
				75A2843D1E5416D4000C0A69 /* AppDelegate.swift in Sources */,
				75A2846E1E542469000C0A69 /* HomeViewController.swift in Sources */,
			);
			runOnlyForDeploymentPostprocessing = 0;
		};
		75A284491E5416D4000C0A69 /* Sources */ = {
			isa = PBXSourcesBuildPhase;
			buildActionMask = 2147483647;
			files = (
				75A284521E5416D4000C0A69 /* InstagramTests.swift in Sources */,
			);
			runOnlyForDeploymentPostprocessing = 0;
		};
		75A284541E5416D4000C0A69 /* Sources */ = {
			isa = PBXSourcesBuildPhase;
			buildActionMask = 2147483647;
			files = (
				75A2845D1E5416D4000C0A69 /* InstagramUITests.swift in Sources */,
			);
			runOnlyForDeploymentPostprocessing = 0;
		};
/* End PBXSourcesBuildPhase section */

/* Begin PBXTargetDependency section */
		75A2844F1E5416D4000C0A69 /* PBXTargetDependency */ = {
			isa = PBXTargetDependency;
			target = 75A284381E5416CF000C0A69 /* Instagram */;
			targetProxy = 75A2844E1E5416D4000C0A69 /* PBXContainerItemProxy */;
		};
		75A2845A1E5416D4000C0A69 /* PBXTargetDependency */ = {
			isa = PBXTargetDependency;
			target = 75A284381E5416CF000C0A69 /* Instagram */;
			targetProxy = 75A284591E5416D4000C0A69 /* PBXContainerItemProxy */;
		};
/* End PBXTargetDependency section */

/* Begin PBXVariantGroup section */
		75A284401E5416D4000C0A69 /* Main.storyboard */ = {
			isa = PBXVariantGroup;
			children = (
				75A284411E5416D4000C0A69 /* Base */,
			);
			name = Main.storyboard;
			sourceTree = "<group>";
		};
		75A284451E5416D4000C0A69 /* LaunchScreen.storyboard */ = {
			isa = PBXVariantGroup;
			children = (
				75A284461E5416D4000C0A69 /* Base */,
			);
			name = LaunchScreen.storyboard;
			sourceTree = "<group>";
		};
/* End PBXVariantGroup section */

/* Begin XCBuildConfiguration section */
		75A2845F1E5416D5000C0A69 /* Debug */ = {
			isa = XCBuildConfiguration;
			buildSettings = {
				ALWAYS_SEARCH_USER_PATHS = NO;
				CLANG_ANALYZER_NONNULL = YES;
				CLANG_CXX_LANGUAGE_STANDARD = "gnu++0x";
				CLANG_CXX_LIBRARY = "libc++";
				CLANG_ENABLE_MODULES = YES;
				CLANG_ENABLE_OBJC_ARC = YES;
				CLANG_WARN_BOOL_CONVERSION = YES;
				CLANG_WARN_CONSTANT_CONVERSION = YES;
				CLANG_WARN_DIRECT_OBJC_ISA_USAGE = YES_ERROR;
				CLANG_WARN_DOCUMENTATION_COMMENTS = YES;
				CLANG_WARN_EMPTY_BODY = YES;
				CLANG_WARN_ENUM_CONVERSION = YES;
				CLANG_WARN_INFINITE_RECURSION = YES;
				CLANG_WARN_INT_CONVERSION = YES;
				CLANG_WARN_OBJC_ROOT_CLASS = YES_ERROR;
				CLANG_WARN_SUSPICIOUS_MOVE = YES;
				CLANG_WARN_UNREACHABLE_CODE = YES;
				CLANG_WARN__DUPLICATE_METHOD_MATCH = YES;
				"CODE_SIGN_IDENTITY[sdk=iphoneos*]" = "iPhone Developer";
				COPY_PHASE_STRIP = NO;
				DEBUG_INFORMATION_FORMAT = dwarf;
				ENABLE_STRICT_OBJC_MSGSEND = YES;
				ENABLE_TESTABILITY = YES;
				GCC_C_LANGUAGE_STANDARD = gnu99;
				GCC_DYNAMIC_NO_PIC = NO;
				GCC_NO_COMMON_BLOCKS = YES;
				GCC_OPTIMIZATION_LEVEL = 0;
				GCC_PREPROCESSOR_DEFINITIONS = (
					"DEBUG=1",
					"$(inherited)",
				);
				GCC_WARN_64_TO_32_BIT_CONVERSION = YES;
				GCC_WARN_ABOUT_RETURN_TYPE = YES_ERROR;
				GCC_WARN_UNDECLARED_SELECTOR = YES;
				GCC_WARN_UNINITIALIZED_AUTOS = YES_AGGRESSIVE;
				GCC_WARN_UNUSED_FUNCTION = YES;
				GCC_WARN_UNUSED_VARIABLE = YES;
				IPHONEOS_DEPLOYMENT_TARGET = 10.2;
				MTL_ENABLE_DEBUG_INFO = YES;
				ONLY_ACTIVE_ARCH = YES;
				SDKROOT = iphoneos;
				SWIFT_ACTIVE_COMPILATION_CONDITIONS = DEBUG;
				SWIFT_OPTIMIZATION_LEVEL = "-Onone";
				TARGETED_DEVICE_FAMILY = "1,2";
			};
			name = Debug;
		};
		75A284601E5416D5000C0A69 /* Release */ = {
			isa = XCBuildConfiguration;
			buildSettings = {
				ALWAYS_SEARCH_USER_PATHS = NO;
				CLANG_ANALYZER_NONNULL = YES;
				CLANG_CXX_LANGUAGE_STANDARD = "gnu++0x";
				CLANG_CXX_LIBRARY = "libc++";
				CLANG_ENABLE_MODULES = YES;
				CLANG_ENABLE_OBJC_ARC = YES;
				CLANG_WARN_BOOL_CONVERSION = YES;
				CLANG_WARN_CONSTANT_CONVERSION = YES;
				CLANG_WARN_DIRECT_OBJC_ISA_USAGE = YES_ERROR;
				CLANG_WARN_DOCUMENTATION_COMMENTS = YES;
				CLANG_WARN_EMPTY_BODY = YES;
				CLANG_WARN_ENUM_CONVERSION = YES;
				CLANG_WARN_INFINITE_RECURSION = YES;
				CLANG_WARN_INT_CONVERSION = YES;
				CLANG_WARN_OBJC_ROOT_CLASS = YES_ERROR;
				CLANG_WARN_SUSPICIOUS_MOVE = YES;
				CLANG_WARN_UNREACHABLE_CODE = YES;
				CLANG_WARN__DUPLICATE_METHOD_MATCH = YES;
				"CODE_SIGN_IDENTITY[sdk=iphoneos*]" = "iPhone Developer";
				COPY_PHASE_STRIP = NO;
				DEBUG_INFORMATION_FORMAT = "dwarf-with-dsym";
				ENABLE_NS_ASSERTIONS = NO;
				ENABLE_STRICT_OBJC_MSGSEND = YES;
				GCC_C_LANGUAGE_STANDARD = gnu99;
				GCC_NO_COMMON_BLOCKS = YES;
				GCC_WARN_64_TO_32_BIT_CONVERSION = YES;
				GCC_WARN_ABOUT_RETURN_TYPE = YES_ERROR;
				GCC_WARN_UNDECLARED_SELECTOR = YES;
				GCC_WARN_UNINITIALIZED_AUTOS = YES_AGGRESSIVE;
				GCC_WARN_UNUSED_FUNCTION = YES;
				GCC_WARN_UNUSED_VARIABLE = YES;
				IPHONEOS_DEPLOYMENT_TARGET = 10.2;
				MTL_ENABLE_DEBUG_INFO = NO;
				SDKROOT = iphoneos;
				SWIFT_OPTIMIZATION_LEVEL = "-Owholemodule";
				TARGETED_DEVICE_FAMILY = "1,2";
				VALIDATE_PRODUCT = YES;
			};
			name = Release;
		};
		75A284621E5416D5000C0A69 /* Debug */ = {
			isa = XCBuildConfiguration;
			baseConfigurationReference = BC4C7329308CB0AE6CA106BD /* Pods-Instagram.debug.xcconfig */;
			buildSettings = {
				ASSETCATALOG_COMPILER_APPICON_NAME = AppIcon;
				INFOPLIST_FILE = Instagram/Info.plist;
				LD_RUNPATH_SEARCH_PATHS = "$(inherited) @executable_path/Frameworks";
				PRODUCT_BUNDLE_IDENTIFIER = com.richard.Instagram;
				PRODUCT_NAME = "$(TARGET_NAME)";
				SWIFT_VERSION = 3.0;
			};
			name = Debug;
		};
		75A284631E5416D5000C0A69 /* Release */ = {
			isa = XCBuildConfiguration;
			baseConfigurationReference = 61AFCA7602736387BC7F49C3 /* Pods-Instagram.release.xcconfig */;
			buildSettings = {
				ASSETCATALOG_COMPILER_APPICON_NAME = AppIcon;
				INFOPLIST_FILE = Instagram/Info.plist;
				LD_RUNPATH_SEARCH_PATHS = "$(inherited) @executable_path/Frameworks";
				PRODUCT_BUNDLE_IDENTIFIER = com.richard.Instagram;
				PRODUCT_NAME = "$(TARGET_NAME)";
				SWIFT_VERSION = 3.0;
			};
			name = Release;
		};
		75A284651E5416D5000C0A69 /* Debug */ = {
			isa = XCBuildConfiguration;
			baseConfigurationReference = 69B329F83531F9D90AABD02E /* Pods-InstagramTests.debug.xcconfig */;
			buildSettings = {
				ALWAYS_EMBED_SWIFT_STANDARD_LIBRARIES = YES;
				BUNDLE_LOADER = "$(TEST_HOST)";
				INFOPLIST_FILE = InstagramTests/Info.plist;
				LD_RUNPATH_SEARCH_PATHS = "$(inherited) @executable_path/Frameworks @loader_path/Frameworks";
				PRODUCT_BUNDLE_IDENTIFIER = com.richard.InstagramTests;
				PRODUCT_NAME = "$(TARGET_NAME)";
				SWIFT_VERSION = 3.0;
				TEST_HOST = "$(BUILT_PRODUCTS_DIR)/Instagram.app/Instagram";
			};
			name = Debug;
		};
		75A284661E5416D5000C0A69 /* Release */ = {
			isa = XCBuildConfiguration;
			baseConfigurationReference = A654C4DE03909BB9D1A5DB18 /* Pods-InstagramTests.release.xcconfig */;
			buildSettings = {
				ALWAYS_EMBED_SWIFT_STANDARD_LIBRARIES = YES;
				BUNDLE_LOADER = "$(TEST_HOST)";
				INFOPLIST_FILE = InstagramTests/Info.plist;
				LD_RUNPATH_SEARCH_PATHS = "$(inherited) @executable_path/Frameworks @loader_path/Frameworks";
				PRODUCT_BUNDLE_IDENTIFIER = com.richard.InstagramTests;
				PRODUCT_NAME = "$(TARGET_NAME)";
				SWIFT_VERSION = 3.0;
				TEST_HOST = "$(BUILT_PRODUCTS_DIR)/Instagram.app/Instagram";
			};
			name = Release;
		};
		75A284681E5416D5000C0A69 /* Debug */ = {
			isa = XCBuildConfiguration;
			baseConfigurationReference = 5CD3D5885AFF7C34E6B66D85 /* Pods-InstagramUITests.debug.xcconfig */;
			buildSettings = {
				ALWAYS_EMBED_SWIFT_STANDARD_LIBRARIES = YES;
				INFOPLIST_FILE = InstagramUITests/Info.plist;
				LD_RUNPATH_SEARCH_PATHS = "$(inherited) @executable_path/Frameworks @loader_path/Frameworks";
				PRODUCT_BUNDLE_IDENTIFIER = com.richard.InstagramUITests;
				PRODUCT_NAME = "$(TARGET_NAME)";
				SWIFT_VERSION = 3.0;
				TEST_TARGET_NAME = Instagram;
			};
			name = Debug;
		};
		75A284691E5416D5000C0A69 /* Release */ = {
			isa = XCBuildConfiguration;
			baseConfigurationReference = C228F00D575514CE6EA1D205 /* Pods-InstagramUITests.release.xcconfig */;
			buildSettings = {
				ALWAYS_EMBED_SWIFT_STANDARD_LIBRARIES = YES;
				INFOPLIST_FILE = InstagramUITests/Info.plist;
				LD_RUNPATH_SEARCH_PATHS = "$(inherited) @executable_path/Frameworks @loader_path/Frameworks";
				PRODUCT_BUNDLE_IDENTIFIER = com.richard.InstagramUITests;
				PRODUCT_NAME = "$(TARGET_NAME)";
				SWIFT_VERSION = 3.0;
				TEST_TARGET_NAME = Instagram;
			};
			name = Release;
		};
/* End XCBuildConfiguration section */

/* Begin XCConfigurationList section */
		75A284341E5416CF000C0A69 /* Build configuration list for PBXProject "Instagram" */ = {
			isa = XCConfigurationList;
			buildConfigurations = (
				75A2845F1E5416D5000C0A69 /* Debug */,
				75A284601E5416D5000C0A69 /* Release */,
			);
			defaultConfigurationIsVisible = 0;
			defaultConfigurationName = Release;
		};
		75A284611E5416D5000C0A69 /* Build configuration list for PBXNativeTarget "Instagram" */ = {
			isa = XCConfigurationList;
			buildConfigurations = (
				75A284621E5416D5000C0A69 /* Debug */,
				75A284631E5416D5000C0A69 /* Release */,
			);
			defaultConfigurationIsVisible = 0;
			defaultConfigurationName = Release;
		};
		75A284641E5416D5000C0A69 /* Build configuration list for PBXNativeTarget "InstagramTests" */ = {
			isa = XCConfigurationList;
			buildConfigurations = (
				75A284651E5416D5000C0A69 /* Debug */,
				75A284661E5416D5000C0A69 /* Release */,
			);
			defaultConfigurationIsVisible = 0;
			defaultConfigurationName = Release;
		};
		75A284671E5416D5000C0A69 /* Build configuration list for PBXNativeTarget "InstagramUITests" */ = {
			isa = XCConfigurationList;
			buildConfigurations = (
				75A284681E5416D5000C0A69 /* Debug */,
				75A284691E5416D5000C0A69 /* Release */,
			);
			defaultConfigurationIsVisible = 0;
			defaultConfigurationName = Release;
		};
/* End XCConfigurationList section */
	};
	rootObject = 75A284311E5416CF000C0A69 /* Project object */;
}
